// !$*UTF8*$!
{
	archiveVersion = 1;
	classes = {
	};
	objectVersion = 46;
	objects = {

/* Begin PBXBuildFile section */
		06B24ADD1F1B400100E8C722 /* PlaySoundsViewController.swift in Sources */ = {isa = PBXBuildFile; fileRef = 06B24ADC1F1B400100E8C722 /* PlaySoundsViewController.swift */; };
		06B24ADF1F1B532500E8C722 /* PlaySoundsViewController+Audio.swift in Sources */ = {isa = PBXBuildFile; fileRef = 06B24ADE1F1B532500E8C722 /* PlaySoundsViewController+Audio.swift */; };
		06EAE5721F19FE6C00FB8EEC /* AppDelegate.swift in Sources */ = {isa = PBXBuildFile; fileRef = 06EAE5711F19FE6C00FB8EEC /* AppDelegate.swift */; };
		06EAE5741F19FE6C00FB8EEC /* RecordSoundsViewController.swift in Sources */ = {isa = PBXBuildFile; fileRef = 06EAE5731F19FE6C00FB8EEC /* RecordSoundsViewController.swift */; };
		06EAE5771F19FE6C00FB8EEC /* Main.storyboard in Resources */ = {isa = PBXBuildFile; fileRef = 06EAE5751F19FE6C00FB8EEC /* Main.storyboard */; };
		06EAE57C1F19FE6C00FB8EEC /* LaunchScreen.storyboard in Resources */ = {isa = PBXBuildFile; fileRef = 06EAE57A1F19FE6C00FB8EEC /* LaunchScreen.storyboard */; };
		06EAE5841F1A024C00FB8EEC /* Assets.xcassets in Resources */ = {isa = PBXBuildFile; fileRef = 06EAE5831F1A024C00FB8EEC /* Assets.xcassets */; };
/* End PBXBuildFile section */

/* Begin PBXFileReference section */
		06B24ADC1F1B400100E8C722 /* PlaySoundsViewController.swift */ = {isa = PBXFileReference; fileEncoding = 4; lastKnownFileType = sourcecode.swift; path = PlaySoundsViewController.swift; sourceTree = "<group>"; };
		06B24ADE1F1B532500E8C722 /* PlaySoundsViewController+Audio.swift */ = {isa = PBXFileReference; fileEncoding = 4; lastKnownFileType = sourcecode.swift; path = "PlaySoundsViewController+Audio.swift"; sourceTree = "<group>"; };
		06EAE56E1F19FE6C00FB8EEC /* PitchPerfect.app */ = {isa = PBXFileReference; explicitFileType = wrapper.application; includeInIndex = 0; path = PitchPerfect.app; sourceTree = BUILT_PRODUCTS_DIR; };
		06EAE5711F19FE6C00FB8EEC /* AppDelegate.swift */ = {isa = PBXFileReference; lastKnownFileType = sourcecode.swift; path = AppDelegate.swift; sourceTree = "<group>"; };
		06EAE5731F19FE6C00FB8EEC /* RecordSoundsViewController.swift */ = {isa = PBXFileReference; lastKnownFileType = sourcecode.swift; path = RecordSoundsViewController.swift; sourceTree = "<group>"; };
		06EAE5761F19FE6C00FB8EEC /* Base */ = {isa = PBXFileReference; lastKnownFileType = file.storyboard; name = Base; path = Base.lproj/Main.storyboard; sourceTree = "<group>"; };
		06EAE57B1F19FE6C00FB8EEC /* Base */ = {isa = PBXFileReference; lastKnownFileType = file.storyboard; name = Base; path = Base.lproj/LaunchScreen.storyboard; sourceTree = "<group>"; };
		06EAE57D1F19FE6C00FB8EEC /* Info.plist */ = {isa = PBXFileReference; lastKnownFileType = text.plist.xml; path = Info.plist; sourceTree = "<group>"; };
		06EAE5831F1A024C00FB8EEC /* Assets.xcassets */ = {isa = PBXFileReference; lastKnownFileType = folder.assetcatalog; name = Assets.xcassets; path = ../../../../.Trash/Assets.xcassets; sourceTree = "<group>"; };
/* End PBXFileReference section */

/* Begin PBXFrameworksBuildPhase section */
		06EAE56B1F19FE6C00FB8EEC /* Frameworks */ = {
			isa = PBXFrameworksBuildPhase;
			buildActionMask = 2147483647;
			files = (
			);
			runOnlyForDeploymentPostprocessing = 0;
		};
/* End PBXFrameworksBuildPhase section */

/* Begin PBXGroup section */
		06EAE5651F19FE6C00FB8EEC = {
			isa = PBXGroup;
			children = (
				06EAE5701F19FE6C00FB8EEC /* PitchPerfect */,
				06EAE56F1F19FE6C00FB8EEC /* Products */,
			);
			sourceTree = "<group>";
		};
		06EAE56F1F19FE6C00FB8EEC /* Products */ = {
			isa = PBXGroup;
			children = (
				06EAE56E1F19FE6C00FB8EEC /* PitchPerfect.app */,
			);
			name = Products;
			sourceTree = "<group>";
		};
		06EAE5701F19FE6C00FB8EEC /* PitchPerfect */ = {
			isa = PBXGroup;
			children = (
				06EAE5711F19FE6C00FB8EEC /* AppDelegate.swift */,
				06EAE5731F19FE6C00FB8EEC /* RecordSoundsViewController.swift */,
				06EAE5751F19FE6C00FB8EEC /* Main.storyboard */,
				06EAE5831F1A024C00FB8EEC /* Assets.xcassets */,
				06EAE57A1F19FE6C00FB8EEC /* LaunchScreen.storyboard */,
				06EAE57D1F19FE6C00FB8EEC /* Info.plist */,
				06B24ADC1F1B400100E8C722 /* PlaySoundsViewController.swift */,
				06B24ADE1F1B532500E8C722 /* PlaySoundsViewController+Audio.swift */,
			);
			path = PitchPerfect;
			sourceTree = "<group>";
		};
/* End PBXGroup section */

/* Begin PBXNativeTarget section */
		06EAE56D1F19FE6C00FB8EEC /* PitchPerfect */ = {
			isa = PBXNativeTarget;
			buildConfigurationList = 06EAE5801F19FE6C00FB8EEC /* Build configuration list for PBXNativeTarget "PitchPerfect" */;
			buildPhases = (
				06EAE56A1F19FE6C00FB8EEC /* Sources */,
				06EAE56B1F19FE6C00FB8EEC /* Frameworks */,
				06EAE56C1F19FE6C00FB8EEC /* Resources */,
			);
			buildRules = (
			);
			dependencies = (
			);
			name = PitchPerfect;
			productName = PitchPerfect;
			productReference = 06EAE56E1F19FE6C00FB8EEC /* PitchPerfect.app */;
			productType = "com.apple.product-type.application";
		};
/* End PBXNativeTarget section */

/* Begin PBXProject section */
		06EAE5661F19FE6C00FB8EEC /* Project object */ = {
			isa = PBXProject;
			attributes = {
				LastSwiftUpdateCheck = 0830;
				LastUpgradeCheck = 0830;
				ORGANIZATIONNAME = "David Chua";
				TargetAttributes = {
					06EAE56D1F19FE6C00FB8EEC = {
						CreatedOnToolsVersion = 8.3.3;
						ProvisioningStyle = Automatic;
					};
				};
			};
			buildConfigurationList = 06EAE5691F19FE6C00FB8EEC /* Build configuration list for PBXProject "PitchPerfect" */;
			compatibilityVersion = "Xcode 3.2";
			developmentRegion = English;
			hasScannedForEncodings = 0;
			knownRegions = (
				en,
				Base,
			);
			mainGroup = 06EAE5651F19FE6C00FB8EEC;
			productRefGroup = 06EAE56F1F19FE6C00FB8EEC /* Products */;
			projectDirPath = "";
			projectRoot = "";
			targets = (
				06EAE56D1F19FE6C00FB8EEC /* PitchPerfect */,
			);
		};
/* End PBXProject section */

/* Begin PBXResourcesBuildPhase section */
		06EAE56C1F19FE6C00FB8EEC /* Resources */ = {
			isa = PBXResourcesBuildPhase;
			buildActionMask = 2147483647;
			files = (
				06EAE57C1F19FE6C00FB8EEC /* LaunchScreen.storyboard in Resources */,
				06EAE5841F1A024C00FB8EEC /* Assets.xcassets in Resources */,
				06EAE5771F19FE6C00FB8EEC /* Main.storyboard in Resources */,
			);
			runOnlyForDeploymentPostprocessing = 0;
		};
/* End PBXResourcesBuildPhase section */

/* Begin PBXSourcesBuildPhase section */
		06EAE56A1F19FE6C00FB8EEC /* Sources */ = {
			isa = PBXSourcesBuildPhase;
			buildActionMask = 2147483647;
			files = (
				06EAE5741F19FE6C00FB8EEC /* RecordSoundsViewController.swift in Sources */,
				06B24ADF1F1B532500E8C722 /* PlaySoundsViewController+Audio.swift in Sources */,
				06B24ADD1F1B400100E8C722 /* PlaySoundsViewController.swift in Sources */,
				06EAE5721F19FE6C00FB8EEC /* AppDelegate.swift in Sources */,
			);
			runOnlyForDeploymentPostprocessing = 0;
		};
/* End PBXSourcesBuildPhase section */

/* Begin PBXVariantGroup section */
		06EAE5751F19FE6C00FB8EEC /* Main.storyboard */ = {
			isa = PBXVariantGroup;
			children = (
				06EAE5761F19FE6C00FB8EEC /* Base */,
			);
			name = Main.storyboard;
			sourceTree = "<group>";
		};
		06EAE57A1F19FE6C00FB8EEC /* LaunchScreen.storyboard */ = {
			isa = PBXVariantGroup;
			children = (
				06EAE57B1F19FE6C00FB8EEC /* Base */,
			);
			name = LaunchScreen.storyboard;
			sourceTree = "<group>";
		};
/* End PBXVariantGroup section */

/* Begin XCBuildConfiguration section */
		06EAE57E1F19FE6C00FB8EEC /* Debug */ = {
			isa = XCBuildConfiguration;
			buildSettings = {
				ALWAYS_SEARCH_USER_PATHS = NO;
				CLANG_ANALYZER_NONNULL = YES;
				CLANG_ANALYZER_NUMBER_OBJECT_CONVERSION = YES_AGGRESSIVE;
				CLANG_CXX_LANGUAGE_STANDARD = "gnu++0x";
				CLANG_CXX_LIBRARY = "libc++";
				CLANG_ENABLE_MODULES = YES;
				CLANG_ENABLE_OBJC_ARC = YES;
				CLANG_WARN_BOOL_CONVERSION = YES;
				CLANG_WARN_CONSTANT_CONVERSION = YES;
				CLANG_WARN_DIRECT_OBJC_ISA_USAGE = YES_ERROR;
				CLANG_WARN_DOCUMENTATION_COMMENTS = YES;
				CLANG_WARN_EMPTY_BODY = YES;
				CLANG_WARN_ENUM_CONVERSION = YES;
				CLANG_WARN_INFINITE_RECURSION = YES;
				CLANG_WARN_INT_CONVERSION = YES;
				CLANG_WARN_OBJC_ROOT_CLASS = YES_ERROR;
				CLANG_WARN_SUSPICIOUS_MOVE = YES;
				CLANG_WARN_UNREACHABLE_CODE = YES;
				CLANG_WARN__DUPLICATE_METHOD_MATCH = YES;
				"CODE_SIGN_IDENTITY[sdk=iphoneos*]" = "iPhone Developer";
				COPY_PHASE_STRIP = NO;
				DEBUG_INFORMATION_FORMAT = dwarf;
				ENABLE_STRICT_OBJC_MSGSEND = YES;
				ENABLE_TESTABILITY = YES;
				GCC_C_LANGUAGE_STANDARD = gnu99;
				GCC_DYNAMIC_NO_PIC = NO;
				GCC_NO_COMMON_BLOCKS = YES;
				GCC_OPTIMIZATION_LEVEL = 0;
				GCC_PREPROCESSOR_DEFINITIONS = (
					"DEBUG=1",
					"$(inherited)",
				);
				GCC_WARN_64_TO_32_BIT_CONVERSION = YES;
				GCC_WARN_ABOUT_RETURN_TYPE = YES_ERROR;
				GCC_WARN_UNDECLARED_SELECTOR = YES;
				GCC_WARN_UNINITIALIZED_AUTOS = YES_AGGRESSIVE;
				GCC_WARN_UNUSED_FUNCTION = YES;
				GCC_WARN_UNUSED_VARIABLE = YES;
				IPHONEOS_DEPLOYMENT_TARGET = 10.3;
				MTL_ENABLE_DEBUG_INFO = YES;
				ONLY_ACTIVE_ARCH = YES;
				SDKROOT = iphoneos;
				SWIFT_ACTIVE_COMPILATION_CONDITIONS = DEBUG;
				SWIFT_OPTIMIZATION_LEVEL = "-Onone";
			};
			name = Debug;
		};
		06EAE57F1F19FE6C00FB8EEC /* Release */ = {
			isa = XCBuildConfiguration;
			buildSettings = {
				ALWAYS_SEARCH_USER_PATHS = NO;
				CLANG_ANALYZER_NONNULL = YES;
				CLANG_ANALYZER_NUMBER_OBJECT_CONVERSION = YES_AGGRESSIVE;
				CLANG_CXX_LANGUAGE_STANDARD = "gnu++0x";
				CLANG_CXX_LIBRARY = "libc++";
				CLANG_ENABLE_MODULES = YES;
				CLANG_ENABLE_OBJC_ARC = YES;
				CLANG_WARN_BOOL_CONVERSION = YES;
				CLANG_WARN_CONSTANT_CONVERSION = YES;
				CLANG_WARN_DIRECT_OBJC_ISA_USAGE = YES_ERROR;
				CLANG_WARN_DOCUMENTATION_COMMENTS = YES;
				CLANG_WARN_EMPTY_BODY = YES;
				CLANG_WARN_ENUM_CONVERSION = YES;
				CLANG_WARN_INFINITE_RECURSION = YES;
				CLANG_WARN_INT_CONVERSION = YES;
				CLANG_WARN_OBJC_ROOT_CLASS = YES_ERROR;
				CLANG_WARN_SUSPICIOUS_MOVE = YES;
				CLANG_WARN_UNREACHABLE_CODE = YES;
				CLANG_WARN__DUPLICATE_METHOD_MATCH = YES;
				"CODE_SIGN_IDENTITY[sdk=iphoneos*]" = "iPhone Developer";
				COPY_PHASE_STRIP = NO;
				DEBUG_INFORMATION_FORMAT = "dwarf-with-dsym";
				ENABLE_NS_ASSERTIONS = NO;
				ENABLE_STRICT_OBJC_MSGSEND = YES;
				GCC_C_LANGUAGE_STANDARD = gnu99;
				GCC_NO_COMMON_BLOCKS = YES;
				GCC_WARN_64_TO_32_BIT_CONVERSION = YES;
				GCC_WARN_ABOUT_RETURN_TYPE = YES_ERROR;
				GCC_WARN_UNDECLARED_SELECTOR = YES;
				GCC_WARN_UNINITIALIZED_AUTOS = YES_AGGRESSIVE;
				GCC_WARN_UNUSED_FUNCTION = YES;
				GCC_WARN_UNUSED_VARIABLE = YES;
				IPHONEOS_DEPLOYMENT_TARGET = 10.3;
				MTL_ENABLE_DEBUG_INFO = NO;
				SDKROOT = iphoneos;
				SWIFT_OPTIMIZATION_LEVEL = "-Owholemodule";
				VALIDATE_PRODUCT = YES;
			};
			name = Release;
		};
		06EAE5811F19FE6C00FB8EEC /* Debug */ = {
			isa = XCBuildConfiguration;
			buildSettings = {
				ASSETCATALOG_COMPILER_APPICON_NAME = AppIcon;
				INFOPLIST_FILE = PitchPerfect/Info.plist;
				LD_RUNPATH_SEARCH_PATHS = "$(inherited) @executable_path/Frameworks";
				PRODUCT_BUNDLE_IDENTIFIER = David.PitchPerfect;
				PRODUCT_NAME = "$(TARGET_NAME)";
				SWIFT_VERSION = 3.0;
			};
			name = Debug;
		};
		06EAE5821F19FE6C00FB8EEC /* Release */ = {
			isa = XCBuildConfiguration;
			buildSettings = {
				ASSETCATALOG_COMPILER_APPICON_NAME = AppIcon;
				INFOPLIST_FILE = PitchPerfect/Info.plist;
				LD_RUNPATH_SEARCH_PATHS = "$(inherited) @executable_path/Frameworks";
				PRODUCT_BUNDLE_IDENTIFIER = David.PitchPerfect;
				PRODUCT_NAME = "$(TARGET_NAME)";
				SWIFT_VERSION = 3.0;
			};
			name = Release;
		};
/* End XCBuildConfiguration section */

/* Begin XCConfigurationList section */
		06EAE5691F19FE6C00FB8EEC /* Build configuration list for PBXProject "PitchPerfect" */ = {
			isa = XCConfigurationList;
			buildConfigurations = (
				06EAE57E1F19FE6C00FB8EEC /* Debug */,
				06EAE57F1F19FE6C00FB8EEC /* Release */,
			);
			defaultConfigurationIsVisible = 0;
			defaultConfigurationName = Release;
		};
		06EAE5801F19FE6C00FB8EEC /* Build configuration list for PBXNativeTarget "PitchPerfect" */ = {
			isa = XCConfigurationList;
			buildConfigurations = (
				06EAE5811F19FE6C00FB8EEC /* Debug */,
				06EAE5821F19FE6C00FB8EEC /* Release */,
			);
			defaultConfigurationIsVisible = 0;
			defaultConfigurationName = Release;
		};
/* End XCConfigurationList section */
	};
	rootObject = 06EAE5661F19FE6C00FB8EEC /* Project object */;
}
